
Microsoft Visual Studio Solution File, Format Version 12.00
# Visual Studio 2013
VisualStudioVersion = 12.0.21005.1
MinimumVisualStudioVersion = 10.0.40219.1
Project("{FAE04EC0-301F-11D3-BF4B-00C04F79EFBC}") = "Excepciones2", "Excepciones2\Excepciones2.csproj", "{5005505B-882A-435E-B81C-39A34E0E93AB}"
EndProject
Global
	GlobalSection(SolutionConfigurationPlatforms) = preSolution
		Debug|Any CPU = Debug|Any CPU
		Release|Any CPU = Release|Any CPU
	EndGlobalSection
	GlobalSection(ProjectConfigurationPlatforms) = postSolution
		{5005505B-882A-435E-B81C-39A34E0E93AB}.Debug|Any CPU.ActiveCfg = Debug|Any CPU
		{5005505B-882A-435E-B81C-39A34E0E93AB}.Debug|Any CPU.Build.0 = Debug|Any CPU
		{5005505B-882A-435E-B81C-39A34E0E93AB}.Release|Any CPU.ActiveCfg = Release|Any CPU
		{5005505B-882A-435E-B81C-39A34E0E93AB}.Release|Any CPU.Build.0 = Release|Any CPU
	EndGlobalSection
	GlobalSection(SolutionProperties) = preSolution
		HideSolutionNode = FALSE
	EndGlobalSection
EndGlobal
