
Microsoft Visual Studio Solution File, Format Version 12.00
# Visual Studio 15
VisualStudioVersion = 15.0.27130.2027
MinimumVisualStudioVersion = 10.0.40219.1
Project("{FAE04EC0-301F-11D3-BF4B-00C04F79EFBC}") = "Mayor de 3 numeros", "Mayor de 3 numeros\Mayor de 3 numeros.csproj", "{A581244C-5EE2-43E0-A6A8-8BCCC21CDC9A}"
EndProject
Global
	GlobalSection(SolutionConfigurationPlatforms) = preSolution
		Debug|Any CPU = Debug|Any CPU
		Release|Any CPU = Release|Any CPU
	EndGlobalSection
	GlobalSection(ProjectConfigurationPlatforms) = postSolution
		{A581244C-5EE2-43E0-A6A8-8BCCC21CDC9A}.Debug|Any CPU.ActiveCfg = Debug|Any CPU
		{A581244C-5EE2-43E0-A6A8-8BCCC21CDC9A}.Debug|Any CPU.Build.0 = Debug|Any CPU
		{A581244C-5EE2-43E0-A6A8-8BCCC21CDC9A}.Release|Any CPU.ActiveCfg = Release|Any CPU
		{A581244C-5EE2-43E0-A6A8-8BCCC21CDC9A}.Release|Any CPU.Build.0 = Release|Any CPU
	EndGlobalSection
	GlobalSection(SolutionProperties) = preSolution
		HideSolutionNode = FALSE
	EndGlobalSection
	GlobalSection(ExtensibilityGlobals) = postSolution
		SolutionGuid = {22F096A5-54DD-48E8-A6D8-486C67DF3E07}
	EndGlobalSection
EndGlobal
