
Microsoft Visual Studio Solution File, Format Version 12.00
# Visual Studio 15
VisualStudioVersion = 15.0.27130.2027
MinimumVisualStudioVersion = 10.0.40219.1
Project("{FAE04EC0-301F-11D3-BF4B-00C04F79EFBC}") = "Promedio de Materia", "Promedio de Materia\Promedio de Materia.csproj", "{6BCE65C2-F3ED-4E72-8D7B-4AB248015F6C}"
EndProject
Global
	GlobalSection(SolutionConfigurationPlatforms) = preSolution
		Debug|Any CPU = Debug|Any CPU
		Release|Any CPU = Release|Any CPU
	EndGlobalSection
	GlobalSection(ProjectConfigurationPlatforms) = postSolution
		{6BCE65C2-F3ED-4E72-8D7B-4AB248015F6C}.Debug|Any CPU.ActiveCfg = Debug|Any CPU
		{6BCE65C2-F3ED-4E72-8D7B-4AB248015F6C}.Debug|Any CPU.Build.0 = Debug|Any CPU
		{6BCE65C2-F3ED-4E72-8D7B-4AB248015F6C}.Release|Any CPU.ActiveCfg = Release|Any CPU
		{6BCE65C2-F3ED-4E72-8D7B-4AB248015F6C}.Release|Any CPU.Build.0 = Release|Any CPU
	EndGlobalSection
	GlobalSection(SolutionProperties) = preSolution
		HideSolutionNode = FALSE
	EndGlobalSection
	GlobalSection(ExtensibilityGlobals) = postSolution
		SolutionGuid = {DA723577-5D01-4768-9862-C73AB8521F64}
	EndGlobalSection
EndGlobal
