
Microsoft Visual Studio Solution File, Format Version 12.00
# Visual Studio 15
VisualStudioVersion = 15.0.27130.2027
MinimumVisualStudioVersion = 10.0.40219.1
Project("{FAE04EC0-301F-11D3-BF4B-00C04F79EFBC}") = "Estacion del Anio", "Estacion del Anio\Estacion del Anio.csproj", "{1C716DA9-908E-40AB-872A-28F53B5D3F09}"
EndProject
Global
	GlobalSection(SolutionConfigurationPlatforms) = preSolution
		Debug|Any CPU = Debug|Any CPU
		Release|Any CPU = Release|Any CPU
	EndGlobalSection
	GlobalSection(ProjectConfigurationPlatforms) = postSolution
		{1C716DA9-908E-40AB-872A-28F53B5D3F09}.Debug|Any CPU.ActiveCfg = Debug|Any CPU
		{1C716DA9-908E-40AB-872A-28F53B5D3F09}.Debug|Any CPU.Build.0 = Debug|Any CPU
		{1C716DA9-908E-40AB-872A-28F53B5D3F09}.Release|Any CPU.ActiveCfg = Release|Any CPU
		{1C716DA9-908E-40AB-872A-28F53B5D3F09}.Release|Any CPU.Build.0 = Release|Any CPU
	EndGlobalSection
	GlobalSection(SolutionProperties) = preSolution
		HideSolutionNode = FALSE
	EndGlobalSection
	GlobalSection(ExtensibilityGlobals) = postSolution
		SolutionGuid = {9367B2E6-10A6-43C3-B342-C5779D7429FA}
	EndGlobalSection
EndGlobal
