
Microsoft Visual Studio Solution File, Format Version 12.00
# Visual Studio 15
VisualStudioVersion = 15.0.27428.2005
MinimumVisualStudioVersion = 10.0.40219.1
Project("{FAE04EC0-301F-11D3-BF4B-00C04F79EFBC}") = "T 2", "T 2\T 2.csproj", "{E669E7C4-7C04-4D28-8F88-48E4C84539F3}"
EndProject
Project("{2150E333-8FDC-42A3-9474-1A3956D46DE8}") = "Images", "Images", "{70D26D76-CBD3-44A8-9D17-876FEFCA4A23}"
	ProjectSection(SolutionItems) = preProject
		T 2\Resources\animated math.gif = T 2\Resources\animated math.gif
		..\..\..\..\pillame.jpg = ..\..\..\..\pillame.jpg
	EndProjectSection
EndProject
Global
	GlobalSection(SolutionConfigurationPlatforms) = preSolution
		Debug|Any CPU = Debug|Any CPU
		Release|Any CPU = Release|Any CPU
	EndGlobalSection
	GlobalSection(ProjectConfigurationPlatforms) = postSolution
		{E669E7C4-7C04-4D28-8F88-48E4C84539F3}.Debug|Any CPU.ActiveCfg = Debug|Any CPU
		{E669E7C4-7C04-4D28-8F88-48E4C84539F3}.Debug|Any CPU.Build.0 = Debug|Any CPU
		{E669E7C4-7C04-4D28-8F88-48E4C84539F3}.Release|Any CPU.ActiveCfg = Release|Any CPU
		{E669E7C4-7C04-4D28-8F88-48E4C84539F3}.Release|Any CPU.Build.0 = Release|Any CPU
	EndGlobalSection
	GlobalSection(SolutionProperties) = preSolution
		HideSolutionNode = FALSE
	EndGlobalSection
	GlobalSection(ExtensibilityGlobals) = postSolution
		SolutionGuid = {5F6D0C5B-57E5-4591-9840-9DA502B47471}
	EndGlobalSection
EndGlobal
