
Microsoft Visual Studio Solution File, Format Version 12.00
# Visual Studio 15
VisualStudioVersion = 15.0.27130.2027
MinimumVisualStudioVersion = 10.0.40219.1
Project("{FAE04EC0-301F-11D3-BF4B-00C04F79EFBC}") = "Reparto de bienes", "Reparto de bienes\Reparto de bienes.csproj", "{CF70086C-452C-452F-BFE9-95C29F39D336}"
EndProject
Global
	GlobalSection(SolutionConfigurationPlatforms) = preSolution
		Debug|Any CPU = Debug|Any CPU
		Release|Any CPU = Release|Any CPU
	EndGlobalSection
	GlobalSection(ProjectConfigurationPlatforms) = postSolution
		{CF70086C-452C-452F-BFE9-95C29F39D336}.Debug|Any CPU.ActiveCfg = Debug|Any CPU
		{CF70086C-452C-452F-BFE9-95C29F39D336}.Debug|Any CPU.Build.0 = Debug|Any CPU
		{CF70086C-452C-452F-BFE9-95C29F39D336}.Release|Any CPU.ActiveCfg = Release|Any CPU
		{CF70086C-452C-452F-BFE9-95C29F39D336}.Release|Any CPU.Build.0 = Release|Any CPU
	EndGlobalSection
	GlobalSection(SolutionProperties) = preSolution
		HideSolutionNode = FALSE
	EndGlobalSection
	GlobalSection(ExtensibilityGlobals) = postSolution
		SolutionGuid = {10B4B091-9DAE-4ED4-A936-214039C79825}
	EndGlobalSection
EndGlobal
