
Microsoft Visual Studio Solution File, Format Version 12.00
# Visual Studio 15
VisualStudioVersion = 15.0.27130.2027
MinimumVisualStudioVersion = 10.0.40219.1
Project("{FAE04EC0-301F-11D3-BF4B-00C04F79EFBC}") = "Rais de Ecuacion Cuadratica", "Rais de Ecuacion Cuadratica\Rais de Ecuacion Cuadratica.csproj", "{676D057D-8691-4335-9EE9-70F92F102F68}"
EndProject
Global
	GlobalSection(SolutionConfigurationPlatforms) = preSolution
		Debug|Any CPU = Debug|Any CPU
		Release|Any CPU = Release|Any CPU
	EndGlobalSection
	GlobalSection(ProjectConfigurationPlatforms) = postSolution
		{676D057D-8691-4335-9EE9-70F92F102F68}.Debug|Any CPU.ActiveCfg = Debug|Any CPU
		{676D057D-8691-4335-9EE9-70F92F102F68}.Debug|Any CPU.Build.0 = Debug|Any CPU
		{676D057D-8691-4335-9EE9-70F92F102F68}.Release|Any CPU.ActiveCfg = Release|Any CPU
		{676D057D-8691-4335-9EE9-70F92F102F68}.Release|Any CPU.Build.0 = Release|Any CPU
	EndGlobalSection
	GlobalSection(SolutionProperties) = preSolution
		HideSolutionNode = FALSE
	EndGlobalSection
	GlobalSection(ExtensibilityGlobals) = postSolution
		SolutionGuid = {BF075CA8-348C-49FC-BD06-75B0F0FEAECA}
	EndGlobalSection
EndGlobal
