
Microsoft Visual Studio Solution File, Format Version 12.00
# Visual Studio 2013
VisualStudioVersion = 12.0.21005.1
MinimumVisualStudioVersion = 10.0.40219.1
Project("{FAE04EC0-301F-11D3-BF4B-00C04F79EFBC}") = "Fernando GUZMAN", "Fernando GUZMAN\Fernando GUZMAN.csproj", "{7D17FEDA-B6C0-4912-A802-A318FC61FE31}"
EndProject
Global
	GlobalSection(SolutionConfigurationPlatforms) = preSolution
		Debug|Any CPU = Debug|Any CPU
		Release|Any CPU = Release|Any CPU
	EndGlobalSection
	GlobalSection(ProjectConfigurationPlatforms) = postSolution
		{7D17FEDA-B6C0-4912-A802-A318FC61FE31}.Debug|Any CPU.ActiveCfg = Debug|Any CPU
		{7D17FEDA-B6C0-4912-A802-A318FC61FE31}.Debug|Any CPU.Build.0 = Debug|Any CPU
		{7D17FEDA-B6C0-4912-A802-A318FC61FE31}.Release|Any CPU.ActiveCfg = Release|Any CPU
		{7D17FEDA-B6C0-4912-A802-A318FC61FE31}.Release|Any CPU.Build.0 = Release|Any CPU
	EndGlobalSection
	GlobalSection(SolutionProperties) = preSolution
		HideSolutionNode = FALSE
	EndGlobalSection
EndGlobal
