
Microsoft Visual Studio Solution File, Format Version 12.00
# Visual Studio 15
VisualStudioVersion = 15.0.27428.2015
MinimumVisualStudioVersion = 10.0.40219.1
Project("{888888A0-9F3D-457C-B088-3A5042F75D52}") = "Prueba", "Prueba\Prueba.pyproj", "{99089CD1-ED7A-4287-A115-F948B9249099}"
EndProject
Global
	GlobalSection(SolutionConfigurationPlatforms) = preSolution
		Debug|Any CPU = Debug|Any CPU
		Release|Any CPU = Release|Any CPU
	EndGlobalSection
	GlobalSection(ProjectConfigurationPlatforms) = postSolution
		{99089CD1-ED7A-4287-A115-F948B9249099}.Debug|Any CPU.ActiveCfg = Debug|Any CPU
		{99089CD1-ED7A-4287-A115-F948B9249099}.Release|Any CPU.ActiveCfg = Release|Any CPU
	EndGlobalSection
	GlobalSection(SolutionProperties) = preSolution
		HideSolutionNode = FALSE
	EndGlobalSection
	GlobalSection(ExtensibilityGlobals) = postSolution
		SolutionGuid = {5D38250E-968D-411E-AA34-F934292C1273}
	EndGlobalSection
EndGlobal
