
Microsoft Visual Studio Solution File, Format Version 12.00
# Visual Studio 15
VisualStudioVersion = 15.0.27428.2015
MinimumVisualStudioVersion = 10.0.40219.1
Project("{FAE04EC0-301F-11D3-BF4B-00C04F79EFBC}") = "EnClase1", "EnClase1\EnClase1.csproj", "{4886740C-2F3B-4ECB-B305-B46390D73DCF}"
EndProject
Global
	GlobalSection(SolutionConfigurationPlatforms) = preSolution
		Debug|Any CPU = Debug|Any CPU
		Release|Any CPU = Release|Any CPU
	EndGlobalSection
	GlobalSection(ProjectConfigurationPlatforms) = postSolution
		{4886740C-2F3B-4ECB-B305-B46390D73DCF}.Debug|Any CPU.ActiveCfg = Debug|Any CPU
		{4886740C-2F3B-4ECB-B305-B46390D73DCF}.Debug|Any CPU.Build.0 = Debug|Any CPU
		{4886740C-2F3B-4ECB-B305-B46390D73DCF}.Release|Any CPU.ActiveCfg = Release|Any CPU
		{4886740C-2F3B-4ECB-B305-B46390D73DCF}.Release|Any CPU.Build.0 = Release|Any CPU
	EndGlobalSection
	GlobalSection(SolutionProperties) = preSolution
		HideSolutionNode = FALSE
	EndGlobalSection
	GlobalSection(ExtensibilityGlobals) = postSolution
		SolutionGuid = {ED585D4E-D09B-4BA1-B05A-431D6D4AAA62}
	EndGlobalSection
EndGlobal
