
Microsoft Visual Studio Solution File, Format Version 12.00
# Visual Studio 15
VisualStudioVersion = 15.0.27428.2015
MinimumVisualStudioVersion = 10.0.40219.1
Project("{FAE04EC0-301F-11D3-BF4B-00C04F79EFBC}") = "WpfApp1", "WpfApp1\WpfApp1.csproj", "{5B23EFE2-E91E-44BC-A7ED-C8F4446B72CB}"
EndProject
Global
	GlobalSection(SolutionConfigurationPlatforms) = preSolution
		Debug|Any CPU = Debug|Any CPU
		Release|Any CPU = Release|Any CPU
	EndGlobalSection
	GlobalSection(ProjectConfigurationPlatforms) = postSolution
		{5B23EFE2-E91E-44BC-A7ED-C8F4446B72CB}.Debug|Any CPU.ActiveCfg = Debug|Any CPU
		{5B23EFE2-E91E-44BC-A7ED-C8F4446B72CB}.Debug|Any CPU.Build.0 = Debug|Any CPU
		{5B23EFE2-E91E-44BC-A7ED-C8F4446B72CB}.Release|Any CPU.ActiveCfg = Release|Any CPU
		{5B23EFE2-E91E-44BC-A7ED-C8F4446B72CB}.Release|Any CPU.Build.0 = Release|Any CPU
	EndGlobalSection
	GlobalSection(SolutionProperties) = preSolution
		HideSolutionNode = FALSE
	EndGlobalSection
	GlobalSection(ExtensibilityGlobals) = postSolution
		SolutionGuid = {6BCCCF1E-1E1A-487E-9777-9FD19E549F05}
	EndGlobalSection
EndGlobal
