
Microsoft Visual Studio Solution File, Format Version 12.00
# Visual Studio 15
VisualStudioVersion = 15.0.27130.2027
MinimumVisualStudioVersion = 10.0.40219.1
Project("{FAE04EC0-301F-11D3-BF4B-00C04F79EFBC}") = "Pago de Examen de Admision", "Pago de Examen de Admision\Pago de Examen de Admision.csproj", "{C6B36349-8B90-4C93-BFA9-7758BD95CE74}"
EndProject
Global
	GlobalSection(SolutionConfigurationPlatforms) = preSolution
		Debug|Any CPU = Debug|Any CPU
		Release|Any CPU = Release|Any CPU
	EndGlobalSection
	GlobalSection(ProjectConfigurationPlatforms) = postSolution
		{C6B36349-8B90-4C93-BFA9-7758BD95CE74}.Debug|Any CPU.ActiveCfg = Debug|Any CPU
		{C6B36349-8B90-4C93-BFA9-7758BD95CE74}.Debug|Any CPU.Build.0 = Debug|Any CPU
		{C6B36349-8B90-4C93-BFA9-7758BD95CE74}.Release|Any CPU.ActiveCfg = Release|Any CPU
		{C6B36349-8B90-4C93-BFA9-7758BD95CE74}.Release|Any CPU.Build.0 = Release|Any CPU
	EndGlobalSection
	GlobalSection(SolutionProperties) = preSolution
		HideSolutionNode = FALSE
	EndGlobalSection
	GlobalSection(ExtensibilityGlobals) = postSolution
		SolutionGuid = {DBBACAA6-D487-4A4E-B5DA-1686431385FB}
	EndGlobalSection
EndGlobal
