
Microsoft Visual Studio Solution File, Format Version 12.00
# Visual Studio 15
VisualStudioVersion = 15.0.27428.2015
MinimumVisualStudioVersion = 10.0.40219.1
Project("{FAE04EC0-301F-11D3-BF4B-00C04F79EFBC}") = "UltimaExposicion", "UltimaExposicion\UltimaExposicion.csproj", "{56925CA4-2C59-4E15-9658-86B293F99336}"
EndProject
Global
	GlobalSection(SolutionConfigurationPlatforms) = preSolution
		Debug|Any CPU = Debug|Any CPU
		Release|Any CPU = Release|Any CPU
	EndGlobalSection
	GlobalSection(ProjectConfigurationPlatforms) = postSolution
		{56925CA4-2C59-4E15-9658-86B293F99336}.Debug|Any CPU.ActiveCfg = Debug|Any CPU
		{56925CA4-2C59-4E15-9658-86B293F99336}.Debug|Any CPU.Build.0 = Debug|Any CPU
		{56925CA4-2C59-4E15-9658-86B293F99336}.Release|Any CPU.ActiveCfg = Release|Any CPU
		{56925CA4-2C59-4E15-9658-86B293F99336}.Release|Any CPU.Build.0 = Release|Any CPU
	EndGlobalSection
	GlobalSection(SolutionProperties) = preSolution
		HideSolutionNode = FALSE
	EndGlobalSection
	GlobalSection(ExtensibilityGlobals) = postSolution
		SolutionGuid = {DE990D1C-B503-4711-9BD3-B09C2C9259D7}
	EndGlobalSection
EndGlobal
