
Microsoft Visual Studio Solution File, Format Version 12.00
# Visual Studio 15
VisualStudioVersion = 15.0.27703.2042
MinimumVisualStudioVersion = 10.0.40219.1
Project("{FAE04EC0-301F-11D3-BF4B-00C04F79EFBC}") = "5herencia", "5herencia\5herencia.csproj", "{6CF68D44-59B4-41FE-B566-0575E61F4AE5}"
EndProject
Global
	GlobalSection(SolutionConfigurationPlatforms) = preSolution
		Debug|Any CPU = Debug|Any CPU
		Release|Any CPU = Release|Any CPU
	EndGlobalSection
	GlobalSection(ProjectConfigurationPlatforms) = postSolution
		{6CF68D44-59B4-41FE-B566-0575E61F4AE5}.Debug|Any CPU.ActiveCfg = Debug|Any CPU
		{6CF68D44-59B4-41FE-B566-0575E61F4AE5}.Debug|Any CPU.Build.0 = Debug|Any CPU
		{6CF68D44-59B4-41FE-B566-0575E61F4AE5}.Release|Any CPU.ActiveCfg = Release|Any CPU
		{6CF68D44-59B4-41FE-B566-0575E61F4AE5}.Release|Any CPU.Build.0 = Release|Any CPU
	EndGlobalSection
	GlobalSection(SolutionProperties) = preSolution
		HideSolutionNode = FALSE
	EndGlobalSection
	GlobalSection(ExtensibilityGlobals) = postSolution
		SolutionGuid = {0EBB3731-6C0C-4B9A-BDDA-96602CCD95AE}
	EndGlobalSection
EndGlobal
