
Microsoft Visual Studio Solution File, Format Version 12.00
# Visual Studio 15
VisualStudioVersion = 15.0.27428.2015
MinimumVisualStudioVersion = 10.0.40219.1
Project("{FAE04EC0-301F-11D3-BF4B-00C04F79EFBC}") = "Tarea 7", "Tarea 7\Tarea 7.csproj", "{C911F9B2-C32D-44E4-9231-4B1E2E756811}"
EndProject
Global
	GlobalSection(SolutionConfigurationPlatforms) = preSolution
		Debug|Any CPU = Debug|Any CPU
		Release|Any CPU = Release|Any CPU
	EndGlobalSection
	GlobalSection(ProjectConfigurationPlatforms) = postSolution
		{C911F9B2-C32D-44E4-9231-4B1E2E756811}.Debug|Any CPU.ActiveCfg = Debug|Any CPU
		{C911F9B2-C32D-44E4-9231-4B1E2E756811}.Debug|Any CPU.Build.0 = Debug|Any CPU
		{C911F9B2-C32D-44E4-9231-4B1E2E756811}.Release|Any CPU.ActiveCfg = Release|Any CPU
		{C911F9B2-C32D-44E4-9231-4B1E2E756811}.Release|Any CPU.Build.0 = Release|Any CPU
	EndGlobalSection
	GlobalSection(SolutionProperties) = preSolution
		HideSolutionNode = FALSE
	EndGlobalSection
	GlobalSection(ExtensibilityGlobals) = postSolution
		SolutionGuid = {9CF7C322-8C44-429F-9A22-683289BDE73C}
	EndGlobalSection
EndGlobal
