
Microsoft Visual Studio Solution File, Format Version 12.00
# Visual Studio 2013
VisualStudioVersion = 12.0.21005.1
MinimumVisualStudioVersion = 10.0.40219.1
Project("{FAE04EC0-301F-11D3-BF4B-00C04F79EFBC}") = "openFileDialog y saveFileDialog WPF", "openFileDialog y saveFileDialog WPF\openFileDialog y saveFileDialog WPF.csproj", "{134C44A4-0FBE-4AD5-9BF6-0DF37CA36CFC}"
EndProject
Global
	GlobalSection(SolutionConfigurationPlatforms) = preSolution
		Debug|Any CPU = Debug|Any CPU
		Release|Any CPU = Release|Any CPU
	EndGlobalSection
	GlobalSection(ProjectConfigurationPlatforms) = postSolution
		{134C44A4-0FBE-4AD5-9BF6-0DF37CA36CFC}.Debug|Any CPU.ActiveCfg = Debug|Any CPU
		{134C44A4-0FBE-4AD5-9BF6-0DF37CA36CFC}.Debug|Any CPU.Build.0 = Debug|Any CPU
		{134C44A4-0FBE-4AD5-9BF6-0DF37CA36CFC}.Release|Any CPU.ActiveCfg = Release|Any CPU
		{134C44A4-0FBE-4AD5-9BF6-0DF37CA36CFC}.Release|Any CPU.Build.0 = Release|Any CPU
	EndGlobalSection
	GlobalSection(SolutionProperties) = preSolution
		HideSolutionNode = FALSE
	EndGlobalSection
EndGlobal
