
Microsoft Visual Studio Solution File, Format Version 12.00
# Visual Studio 15
VisualStudioVersion = 15.0.28307.489
MinimumVisualStudioVersion = 10.0.40219.1
Project("{FAE04EC0-301F-11D3-BF4B-00C04F79EFBC}") = "Nodos por Orden", "Nodos por Orden\Nodos por Orden.csproj", "{7EC9ED8E-0315-412D-9D86-329F8DC84074}"
EndProject
Global
	GlobalSection(SolutionConfigurationPlatforms) = preSolution
		Debug|Any CPU = Debug|Any CPU
		Release|Any CPU = Release|Any CPU
	EndGlobalSection
	GlobalSection(ProjectConfigurationPlatforms) = postSolution
		{7EC9ED8E-0315-412D-9D86-329F8DC84074}.Debug|Any CPU.ActiveCfg = Debug|Any CPU
		{7EC9ED8E-0315-412D-9D86-329F8DC84074}.Debug|Any CPU.Build.0 = Debug|Any CPU
		{7EC9ED8E-0315-412D-9D86-329F8DC84074}.Release|Any CPU.ActiveCfg = Release|Any CPU
		{7EC9ED8E-0315-412D-9D86-329F8DC84074}.Release|Any CPU.Build.0 = Release|Any CPU
	EndGlobalSection
	GlobalSection(SolutionProperties) = preSolution
		HideSolutionNode = FALSE
	EndGlobalSection
	GlobalSection(ExtensibilityGlobals) = postSolution
		SolutionGuid = {C8E05F82-CD10-4B04-8233-5AB3400912E3}
	EndGlobalSection
EndGlobal
