
Microsoft Visual Studio Solution File, Format Version 12.00
# Visual Studio 15
VisualStudioVersion = 15.0.27428.2015
MinimumVisualStudioVersion = 10.0.40219.1
Project("{FAE04EC0-301F-11D3-BF4B-00C04F79EFBC}") = "TeAdivino", "TeAdivino\TeAdivino.csproj", "{E1FACECD-DE4E-46D3-A69D-2966D61CE106}"
EndProject
Global
	GlobalSection(SolutionConfigurationPlatforms) = preSolution
		Debug|Any CPU = Debug|Any CPU
		Release|Any CPU = Release|Any CPU
	EndGlobalSection
	GlobalSection(ProjectConfigurationPlatforms) = postSolution
		{E1FACECD-DE4E-46D3-A69D-2966D61CE106}.Debug|Any CPU.ActiveCfg = Debug|Any CPU
		{E1FACECD-DE4E-46D3-A69D-2966D61CE106}.Debug|Any CPU.Build.0 = Debug|Any CPU
		{E1FACECD-DE4E-46D3-A69D-2966D61CE106}.Release|Any CPU.ActiveCfg = Release|Any CPU
		{E1FACECD-DE4E-46D3-A69D-2966D61CE106}.Release|Any CPU.Build.0 = Release|Any CPU
	EndGlobalSection
	GlobalSection(SolutionProperties) = preSolution
		HideSolutionNode = FALSE
	EndGlobalSection
	GlobalSection(ExtensibilityGlobals) = postSolution
		SolutionGuid = {2477611A-62F2-4EE4-ADC3-2DDA901A37D9}
	EndGlobalSection
EndGlobal
